{
  "lockfile_version": "1",
  "packages": {
    "github:NixOS/nixpkgs/nixpkgs-unstable": {
      "last_modified": "2026-07-15T11:37:32Z",
      "resolved": "github:NixOS/nixpkgs/35d3407a3816f3b341d8cf1d60abaf2b7b8166ac?lastModified=1784115452&narHash=sha256-BoYPdqk6jlKXy%2BDyUzyGV%2FCtRGfAhk2MmIgBhsemTGI%3D"
    },
    "gradle_9@latest": {
      "last_modified": "2026-06-27T07:37:20Z",
      "plugin_version": "0.0.1",
      "resolved": "github:NixOS/nixpkgs/3d46470bb3030020f7e1361f33514854f5bfa86d#gradle_9",
      "source": "devbox-search",
      "version": "9.5.1",
      "systems": {
        "aarch64-darwin": {
          "outputs": [
            {
              "name": "out",
              "path": "/nix/store/al120ap8dpyvf3qzi45zw5mlc2183zjk-gradle-9.5.1",
              "default": true
            }
          ],
          "store_path": "/nix/store/al120ap8dpyvf3qzi45zw5mlc2183zjk-gradle-9.5.1"
        },
        "aarch64-linux": {
          "outputs": [
            {
              "name": "out",
              "path": "/nix/store/qavrn3nla1xzah7yrgv99bbrrwgassfg-gradle-9.5.1",
              "default": true
            }
          ],
          "store_path": "/nix/store/qavrn3nla1xzah7yrgv99bbrrwgassfg-gradle-9.5.1"
        },
        "x86_64-darwin": {
          "outputs": [
            {
              "name": "out",
              "path": "/nix/store/qigzs3lxnhjpapd7fqmvcy4h1flbq0d1-gradle-9.5.1",
              "default": true
            }
          ],
          "store_path": "/nix/store/qigzs3lxnhjpapd7fqmvcy4h1flbq0d1-gradle-9.5.1"
        },
        "x86_64-linux": {
          "outputs": [
            {
              "name": "out",
              "path": "/nix/store/3mwlsyi8mi6wp1nihjrzs4mk1b6rp34i-gradle-9.5.1",
              "default": true
            }
          ],
          "store_path": "/nix/store/3mwlsyi8mi6wp1nihjrzs4mk1b6rp34i-gradle-9.5.1"
        }
      }
    },
    "javaPackages.compiler.temurin-bin.jdk-25@latest": {
      "last_modified": "2026-06-27T07:37:20Z",
      "resolved": "github:NixOS/nixpkgs/3d46470bb3030020f7e1361f33514854f5bfa86d#javaPackages.compiler.temurin-bin.jdk-25",
      "source": "devbox-search",
      "version": "25.0.3",
      "systems": {
        "aarch64-darwin": {
          "outputs": [
            {
              "name": "out",
              "path": "/nix/store/rh6qmfzcmfby265i3wlx97azjn5kvk8s-temurin-bin-25.0.3",
              "default": true
            }
          ],
          "store_path": "/nix/store/rh6qmfzcmfby265i3wlx97azjn5kvk8s-temurin-bin-25.0.3"
        },
        "aarch64-linux": {
          "outputs": [
            {
              "name": "out",
              "path": "/nix/store/qw478zqpnfzlvs49h53lk44018xwwm7v-temurin-bin-25.0.3",
              "default": true
            }
          ],
          "store_path": "/nix/store/qw478zqpnfzlvs49h53lk44018xwwm7v-temurin-bin-25.0.3"
        },
        "x86_64-darwin": {
          "outputs": [
            {
              "name": "out",
              "path": "/nix/store/svclzrd8prnjy6d48h6cslggsasjxbkp-temurin-bin-25.0.3",
              "default": true
            }
          ],
          "store_path": "/nix/store/svclzrd8prnjy6d48h6cslggsasjxbkp-temurin-bin-25.0.3"
        },
        "x86_64-linux": {
          "outputs": [
            {
              "name": "out",
              "path": "/nix/store/qg33zq7yqsnllzym4mrzmvxzmnwis590-temurin-bin-25.0.3",
              "default": true
            }
          ],
          "store_path": "/nix/store/qg33zq7yqsnllzym4mrzmvxzmnwis590-temurin-bin-25.0.3"
        }
      }
    }
  }
}
